
Microsoft Visual Studio Solution File, Format Version 12.00
# Visual Studio 15
VisualStudioVersion = 15.0.28307.168
MinimumVisualStudioVersion = 10.0.40219.1
Project("{FAE04EC0-301F-11D3-BF4B-00C04F79EFBC}") = "HomeTiles.Android", "HomeTiles\HomeTiles.Android\HomeTiles.Android.csproj", "{7E754D4F-7C57-429C-AF77-AA4BF849CCA8}"
EndProject
Project("{FAE04EC0-301F-11D3-BF4B-00C04F79EFBC}") = "HomeTiles.iOS", "HomeTiles\HomeTiles.iOS\HomeTiles.iOS.csproj", "{6B77D40B-E255-4565-AABB-67DB37B2E297}"
EndProject
Project("{FAE04EC0-301F-11D3-BF4B-00C04F79EFBC}") = "HomeTiles", "HomeTiles\HomeTiles\HomeTiles.csproj", "{CF322368-EEA9-4D2C-96CC-8556C8C3DDAA}"
EndProject
Global
	GlobalSection(SolutionConfigurationPlatforms) = preSolution
		Ad-Hoc|Any CPU = Ad-Hoc|Any CPU
		Ad-Hoc|iPhone = Ad-Hoc|iPhone
		Ad-Hoc|iPhoneSimulator = Ad-Hoc|iPhoneSimulator
		AppStore|Any CPU = AppStore|Any CPU
		AppStore|iPhone = AppStore|iPhone
		AppStore|iPhoneSimulator = AppStore|iPhoneSimulator
		Debug|Any CPU = Debug|Any CPU
		Debug|iPhone = Debug|iPhone
		Debug|iPhoneSimulator = Debug|iPhoneSimulator
		Release|Any CPU = Release|Any CPU
		Release|iPhone = Release|iPhone
		Release|iPhoneSimulator = Release|iPhoneSimulator
	EndGlobalSection
	GlobalSection(ProjectConfigurationPlatforms) = postSolution
		{7E754D4F-7C57-429C-AF77-AA4BF849CCA8}.Ad-Hoc|Any CPU.ActiveCfg = Release|Any CPU
		{7E754D4F-7C57-429C-AF77-AA4BF849CCA8}.Ad-Hoc|Any CPU.Build.0 = Release|Any CPU
		{7E754D4F-7C57-429C-AF77-AA4BF849CCA8}.Ad-Hoc|Any CPU.Deploy.0 = Release|Any CPU
		{7E754D4F-7C57-429C-AF77-AA4BF849CCA8}.Ad-Hoc|iPhone.ActiveCfg = Release|Any CPU
		{7E754D4F-7C57-429C-AF77-AA4BF849CCA8}.Ad-Hoc|iPhone.Build.0 = Release|Any CPU
		{7E754D4F-7C57-429C-AF77-AA4BF849CCA8}.Ad-Hoc|iPhone.Deploy.0 = Release|Any CPU
		{7E754D4F-7C57-429C-AF77-AA4BF849CCA8}.Ad-Hoc|iPhoneSimulator.ActiveCfg = Release|Any CPU
		{7E754D4F-7C57-429C-AF77-AA4BF849CCA8}.Ad-Hoc|iPhoneSimulator.Build.0 = Release|Any CPU
		{7E754D4F-7C57-429C-AF77-AA4BF849CCA8}.Ad-Hoc|iPhoneSimulator.Deploy.0 = Release|Any CPU
		{7E754D4F-7C57-429C-AF77-AA4BF849CCA8}.AppStore|Any CPU.ActiveCfg = Release|Any CPU
		{7E754D4F-7C57-429C-AF77-AA4BF849CCA8}.AppStore|Any CPU.Build.0 = Release|Any CPU
		{7E754D4F-7C57-429C-AF77-AA4BF849CCA8}.AppStore|Any CPU.Deploy.0 = Release|Any CPU
		{7E754D4F-7C57-429C-AF77-AA4BF849CCA8}.AppStore|iPhone.ActiveCfg = Release|Any CPU
		{7E754D4F-7C57-429C-AF77-AA4BF849CCA8}.AppStore|iPhone.Build.0 = Release|Any CPU
		{7E754D4F-7C57-429C-AF77-AA4BF849CCA8}.AppStore|iPhone.Deploy.0 = Release|Any CPU
		{7E754D4F-7C57-429C-AF77-AA4BF849CCA8}.AppStore|iPhoneSimulator.ActiveCfg = Release|Any CPU
		{7E754D4F-7C57-429C-AF77-AA4BF849CCA8}.AppStore|iPhoneSimulator.Build.0 = Release|Any CPU
		{7E754D4F-7C57-429C-AF77-AA4BF849CCA8}.AppStore|iPhoneSimulator.Deploy.0 = Release|Any CPU
		{7E754D4F-7C57-429C-AF77-AA4BF849CCA8}.Debug|Any CPU.ActiveCfg = Debug|Any CPU
		{7E754D4F-7C57-429C-AF77-AA4BF849CCA8}.Debug|Any CPU.Build.0 = Debug|Any CPU
		{7E754D4F-7C57-429C-AF77-AA4BF849CCA8}.Debug|Any CPU.Deploy.0 = Debug|Any CPU
		{7E754D4F-7C57-429C-AF77-AA4BF849CCA8}.Debug|iPhone.ActiveCfg = Debug|Any CPU
		{7E754D4F-7C57-429C-AF77-AA4BF849CCA8}.Debug|iPhone.Build.0 = Debug|Any CPU
		{7E754D4F-7C57-429C-AF77-AA4BF849CCA8}.Debug|iPhone.Deploy.0 = Debug|Any CPU
		{7E754D4F-7C57-429C-AF77-AA4BF849CCA8}.Debug|iPhoneSimulator.ActiveCfg = Debug|Any CPU
		{7E754D4F-7C57-429C-AF77-AA4BF849CCA8}.Debug|iPhoneSimulator.Build.0 = Debug|Any CPU
		{7E754D4F-7C57-429C-AF77-AA4BF849CCA8}.Debug|iPhoneSimulator.Deploy.0 = Debug|Any CPU
		{7E754D4F-7C57-429C-AF77-AA4BF849CCA8}.Release|Any CPU.ActiveCfg = Release|Any CPU
		{7E754D4F-7C57-429C-AF77-AA4BF849CCA8}.Release|Any CPU.Build.0 = Release|Any CPU
		{7E754D4F-7C57-429C-AF77-AA4BF849CCA8}.Release|Any CPU.Deploy.0 = Release|Any CPU
		{7E754D4F-7C57-429C-AF77-AA4BF849CCA8}.Release|iPhone.ActiveCfg = Release|Any CPU
		{7E754D4F-7C57-429C-AF77-AA4BF849CCA8}.Release|iPhone.Build.0 = Release|Any CPU
		{7E754D4F-7C57-429C-AF77-AA4BF849CCA8}.Release|iPhone.Deploy.0 = Release|Any CPU
		{7E754D4F-7C57-429C-AF77-AA4BF849CCA8}.Release|iPhoneSimulator.ActiveCfg = Release|Any CPU
		{7E754D4F-7C57-429C-AF77-AA4BF849CCA8}.Release|iPhoneSimulator.Build.0 = Release|Any CPU
		{7E754D4F-7C57-429C-AF77-AA4BF849CCA8}.Release|iPhoneSimulator.Deploy.0 = Release|Any CPU
		{6B77D40B-E255-4565-AABB-67DB37B2E297}.Ad-Hoc|Any CPU.ActiveCfg = Ad-Hoc|iPhone
		{6B77D40B-E255-4565-AABB-67DB37B2E297}.Ad-Hoc|Any CPU.Build.0 = Ad-Hoc|iPhone
		{6B77D40B-E255-4565-AABB-67DB37B2E297}.Ad-Hoc|Any CPU.Deploy.0 = Ad-Hoc|iPhone
		{6B77D40B-E255-4565-AABB-67DB37B2E297}.Ad-Hoc|iPhone.ActiveCfg = Ad-Hoc|iPhone
		{6B77D40B-E255-4565-AABB-67DB37B2E297}.Ad-Hoc|iPhone.Build.0 = Ad-Hoc|iPhone
		{6B77D40B-E255-4565-AABB-67DB37B2E297}.Ad-Hoc|iPhone.Deploy.0 = Ad-Hoc|iPhone
		{6B77D40B-E255-4565-AABB-67DB37B2E297}.Ad-Hoc|iPhoneSimulator.ActiveCfg = Ad-Hoc|iPhoneSimulator
		{6B77D40B-E255-4565-AABB-67DB37B2E297}.Ad-Hoc|iPhoneSimulator.Build.0 = Ad-Hoc|iPhoneSimulator
		{6B77D40B-E255-4565-AABB-67DB37B2E297}.Ad-Hoc|iPhoneSimulator.Deploy.0 = Ad-Hoc|iPhoneSimulator
		{6B77D40B-E255-4565-AABB-67DB37B2E297}.AppStore|Any CPU.ActiveCfg = AppStore|iPhone
		{6B77D40B-E255-4565-AABB-67DB37B2E297}.AppStore|Any CPU.Build.0 = AppStore|iPhone
		{6B77D40B-E255-4565-AABB-67DB37B2E297}.AppStore|Any CPU.Deploy.0 = AppStore|iPhone
		{6B77D40B-E255-4565-AABB-67DB37B2E297}.AppStore|iPhone.ActiveCfg = AppStore|iPhone
		{6B77D40B-E255-4565-AABB-67DB37B2E297}.AppStore|iPhone.Build.0 = AppStore|iPhone
		{6B77D40B-E255-4565-AABB-67DB37B2E297}.AppStore|iPhone.Deploy.0 = AppStore|iPhone
		{6B77D40B-E255-4565-AABB-67DB37B2E297}.AppStore|iPhoneSimulator.ActiveCfg = AppStore|iPhoneSimulator
		{6B77D40B-E255-4565-AABB-67DB37B2E297}.AppStore|iPhoneSimulator.Build.0 = AppStore|iPhoneSimulator
		{6B77D40B-E255-4565-AABB-67DB37B2E297}.AppStore|iPhoneSimulator.Deploy.0 = AppStore|iPhoneSimulator
		{6B77D40B-E255-4565-AABB-67DB37B2E297}.Debug|Any CPU.ActiveCfg = Debug|iPhoneSimulator
		{6B77D40B-E255-4565-AABB-67DB37B2E297}.Debug|Any CPU.Build.0 = Debug|iPhoneSimulator
		{6B77D40B-E255-4565-AABB-67DB37B2E297}.Debug|Any CPU.Deploy.0 = Debug|iPhoneSimulator
		{6B77D40B-E255-4565-AABB-67DB37B2E297}.Debug|iPhone.ActiveCfg = Debug|iPhone
		{6B77D40B-E255-4565-AABB-67DB37B2E297}.Debug|iPhone.Build.0 = Debug|iPhone
		{6B77D40B-E255-4565-AABB-67DB37B2E297}.Debug|iPhone.Deploy.0 = Debug|iPhone
		{6B77D40B-E255-4565-AABB-67DB37B2E297}.Debug|iPhoneSimulator.ActiveCfg = Debug|iPhoneSimulator
		{6B77D40B-E255-4565-AABB-67DB37B2E297}.Debug|iPhoneSimulator.Build.0 = Debug|iPhoneSimulator
		{6B77D40B-E255-4565-AABB-67DB37B2E297}.Debug|iPhoneSimulator.Deploy.0 = Debug|iPhoneSimulator
		{6B77D40B-E255-4565-AABB-67DB37B2E297}.Release|Any CPU.ActiveCfg = Release|iPhone
		{6B77D40B-E255-4565-AABB-67DB37B2E297}.Release|Any CPU.Build.0 = Release|iPhone
		{6B77D40B-E255-4565-AABB-67DB37B2E297}.Release|Any CPU.Deploy.0 = Release|iPhone
		{6B77D40B-E255-4565-AABB-67DB37B2E297}.Release|iPhone.ActiveCfg = Release|iPhone
		{6B77D40B-E255-4565-AABB-67DB37B2E297}.Release|iPhone.Build.0 = Release|iPhone
		{6B77D40B-E255-4565-AABB-67DB37B2E297}.Release|iPhone.Deploy.0 = Release|iPhone
		{6B77D40B-E255-4565-AABB-67DB37B2E297}.Release|iPhoneSimulator.ActiveCfg = Release|iPhoneSimulator
		{6B77D40B-E255-4565-AABB-67DB37B2E297}.Release|iPhoneSimulator.Build.0 = Release|iPhoneSimulator
		{6B77D40B-E255-4565-AABB-67DB37B2E297}.Release|iPhoneSimulator.Deploy.0 = Release|iPhoneSimulator
		{CF322368-EEA9-4D2C-96CC-8556C8C3DDAA}.Ad-Hoc|Any CPU.ActiveCfg = Debug|Any CPU
		{CF322368-EEA9-4D2C-96CC-8556C8C3DDAA}.Ad-Hoc|Any CPU.Build.0 = Debug|Any CPU
		{CF322368-EEA9-4D2C-96CC-8556C8C3DDAA}.Ad-Hoc|Any CPU.Deploy.0 = Debug|Any CPU
		{CF322368-EEA9-4D2C-96CC-8556C8C3DDAA}.Ad-Hoc|iPhone.ActiveCfg = Debug|Any CPU
		{CF322368-EEA9-4D2C-96CC-8556C8C3DDAA}.Ad-Hoc|iPhone.Build.0 = Debug|Any CPU
		{CF322368-EEA9-4D2C-96CC-8556C8C3DDAA}.Ad-Hoc|iPhone.Deploy.0 = Debug|Any CPU
		{CF322368-EEA9-4D2C-96CC-8556C8C3DDAA}.Ad-Hoc|iPhoneSimulator.ActiveCfg = Debug|Any CPU
		{CF322368-EEA9-4D2C-96CC-8556C8C3DDAA}.Ad-Hoc|iPhoneSimulator.Build.0 = Debug|Any CPU
		{CF322368-EEA9-4D2C-96CC-8556C8C3DDAA}.Ad-Hoc|iPhoneSimulator.Deploy.0 = Debug|Any CPU
		{CF322368-EEA9-4D2C-96CC-8556C8C3DDAA}.AppStore|Any CPU.ActiveCfg = Debug|Any CPU
		{CF322368-EEA9-4D2C-96CC-8556C8C3DDAA}.AppStore|Any CPU.Build.0 = Debug|Any CPU
		{CF322368-EEA9-4D2C-96CC-8556C8C3DDAA}.AppStore|Any CPU.Deploy.0 = Debug|Any CPU
		{CF322368-EEA9-4D2C-96CC-8556C8C3DDAA}.AppStore|iPhone.ActiveCfg = Debug|Any CPU
		{CF322368-EEA9-4D2C-96CC-8556C8C3DDAA}.AppStore|iPhone.Build.0 = Debug|Any CPU
		{CF322368-EEA9-4D2C-96CC-8556C8C3DDAA}.AppStore|iPhone.Deploy.0 = Debug|Any CPU
		{CF322368-EEA9-4D2C-96CC-8556C8C3DDAA}.AppStore|iPhoneSimulator.ActiveCfg = Debug|Any CPU
		{CF322368-EEA9-4D2C-96CC-8556C8C3DDAA}.AppStore|iPhoneSimulator.Build.0 = Debug|Any CPU
		{CF322368-EEA9-4D2C-96CC-8556C8C3DDAA}.AppStore|iPhoneSimulator.Deploy.0 = Debug|Any CPU
		{CF322368-EEA9-4D2C-96CC-8556C8C3DDAA}.Debug|Any CPU.ActiveCfg = Debug|Any CPU
		{CF322368-EEA9-4D2C-96CC-8556C8C3DDAA}.Debug|Any CPU.Build.0 = Debug|Any CPU
		{CF322368-EEA9-4D2C-96CC-8556C8C3DDAA}.Debug|Any CPU.Deploy.0 = Debug|Any CPU
		{CF322368-EEA9-4D2C-96CC-8556C8C3DDAA}.Debug|iPhone.ActiveCfg = Debug|Any CPU
		{CF322368-EEA9-4D2C-96CC-8556C8C3DDAA}.Debug|iPhone.Build.0 = Debug|Any CPU
		{CF322368-EEA9-4D2C-96CC-8556C8C3DDAA}.Debug|iPhone.Deploy.0 = Debug|Any CPU
		{CF322368-EEA9-4D2C-96CC-8556C8C3DDAA}.Debug|iPhoneSimulator.ActiveCfg = Debug|Any CPU
		{CF322368-EEA9-4D2C-96CC-8556C8C3DDAA}.Debug|iPhoneSimulator.Build.0 = Debug|Any CPU
		{CF322368-EEA9-4D2C-96CC-8556C8C3DDAA}.Debug|iPhoneSimulator.Deploy.0 = Debug|Any CPU
		{CF322368-EEA9-4D2C-96CC-8556C8C3DDAA}.Release|Any CPU.ActiveCfg = Release|Any CPU
		{CF322368-EEA9-4D2C-96CC-8556C8C3DDAA}.Release|Any CPU.Build.0 = Release|Any CPU
		{CF322368-EEA9-4D2C-96CC-8556C8C3DDAA}.Release|Any CPU.Deploy.0 = Release|Any CPU
		{CF322368-EEA9-4D2C-96CC-8556C8C3DDAA}.Release|iPhone.ActiveCfg = Release|Any CPU
		{CF322368-EEA9-4D2C-96CC-8556C8C3DDAA}.Release|iPhone.Build.0 = Release|Any CPU
		{CF322368-EEA9-4D2C-96CC-8556C8C3DDAA}.Release|iPhone.Deploy.0 = Release|Any CPU
		{CF322368-EEA9-4D2C-96CC-8556C8C3DDAA}.Release|iPhoneSimulator.ActiveCfg = Release|Any CPU
		{CF322368-EEA9-4D2C-96CC-8556C8C3DDAA}.Release|iPhoneSimulator.Build.0 = Release|Any CPU
		{CF322368-EEA9-4D2C-96CC-8556C8C3DDAA}.Release|iPhoneSimulator.Deploy.0 = Release|Any CPU
	EndGlobalSection
	GlobalSection(SolutionProperties) = preSolution
		HideSolutionNode = FALSE
	EndGlobalSection
	GlobalSection(ExtensibilityGlobals) = postSolution
		SolutionGuid = {524FF8D3-BE90-4228-82F9-02BD5C773D53}
	EndGlobalSection
EndGlobal
